
Microsoft Visual Studio Solution File, Format Version 12.00
# Visual Studio Version 17
VisualStudioVersion = 17.5.002.0
MinimumVisualStudioVersion = 10.0.40219.1
Project("{9A19103F-16F7-4668-BE54-9A1E7A4F7556}") = "TheArsenalV2", "TheArsenalV2.csproj", "{205D1287-3984-40E8-8584-758AAD48B35C}"
EndProject
Global
	GlobalSection(SolutionConfigurationPlatforms) = preSolution
		Debug|Any CPU = Debug|Any CPU
		Release|Any CPU = Release|Any CPU
	EndGlobalSection
	GlobalSection(ProjectConfigurationPlatforms) = postSolution
		{205D1287-3984-40E8-8584-758AAD48B35C}.Debug|Any CPU.ActiveCfg = Debug|Any CPU
		{205D1287-3984-40E8-8584-758AAD48B35C}.Debug|Any CPU.Build.0 = Debug|Any CPU
		{205D1287-3984-40E8-8584-758AAD48B35C}.Release|Any CPU.ActiveCfg = Release|Any CPU
		{205D1287-3984-40E8-8584-758AAD48B35C}.Release|Any CPU.Build.0 = Release|Any CPU
	EndGlobalSection
	GlobalSection(SolutionProperties) = preSolution
		HideSolutionNode = FALSE
	EndGlobalSection
	GlobalSection(ExtensibilityGlobals) = postSolution
		SolutionGuid = {1EFE5D36-DCB0-4435-A61C-5C77749F8A3E}
	EndGlobalSection
EndGlobal
